{
  "name": "preval.macro",
  "version": "3.0.0",
  "lockfileVersion": 1,
  "requires": true,
  "dependencies": {
    "argparse": {
      "version": "1.0.10",
      "resolved": "https://registry.npmjs.org/argparse/-/argparse-1.0.10.tgz",
      "integrity": "sha512-o5Roy6tNG4SL/FOkCAN6RzjiakZS25RLYFrcMttJqbdd8BWrnA+fGz57iN5Pb06pvBGvl5gQ0B48dJlslXvoTg==",
      "requires": {
        "sprintf-js": "~1.0.2"
      }
    },
    "babel-plugin-macros": {
      "version": "2.2.2",
      "resolved": "https://registry.npmjs.org/babel-plugin-macros/-/babel-plugin-macros-2.2.2.tgz",
      "integrity": "sha512-wq6DYqjNmSPskGyhOeRIbmuvLtsHTfc6ROtGqapTttIGL1RoQmM3V5N8aJiDxPaw3/fveIsVspF51E3V7qTOMQ==",
      "requires": {
        "cosmiconfig": "^4.0.0"
      }
    },
    "babel-plugin-preval": {
      "version": "2.0.0",
      "resolved": "https://registry.npmjs.org/babel-plugin-preval/-/babel-plugin-preval-2.0.0.tgz",
      "integrity": "sha512-ZObZlpV5f/VncEN5f35kZSIVJfSIPHAo1Y3w6C76ORMf6hYfPtOFLRylxfhYoYrJICEvobP+6Kf7j1Cn4iEVYw==",
      "requires": {
        "babel-plugin-macros": "^2.2.2",
        "require-from-string": "^2.0.2"
      }
    },
    "cosmiconfig": {
      "version": "4.0.0",
      "resolved": "https://registry.npmjs.org/cosmiconfig/-/cosmiconfig-4.0.0.tgz",
      "integrity": "sha512-6e5vDdrXZD+t5v0L8CrurPeybg4Fmf+FCSYxXKYVAqLUtyCSbuyqE059d0kDthTNRzKVjL7QMgNpEUlsoYH3iQ==",
      "requires": {
        "is-directory": "^0.3.1",
        "js-yaml": "^3.9.0",
        "parse-json": "^4.0.0",
        "require-from-string": "^2.0.1"
      }
    },
    "error-ex": {
      "version": "1.3.2",
      "resolved": "https://registry.npmjs.org/error-ex/-/error-ex-1.3.2.tgz",
      "integrity": "sha512-7dFHNmqeFSEt2ZBsCriorKnn3Z2pj+fd9kmI6QoWw4//DL+icEBfc0U7qJCisqrTsKTjw4fNFy2pW9OqStD84g==",
      "requires": {
        "is-arrayish": "^0.2.1"
      }
    },
    "esprima": {
      "version": "4.0.0",
      "resolved": "https://registry.npmjs.org/esprima/-/esprima-4.0.0.tgz",
      "integrity": "sha512-oftTcaMu/EGrEIu904mWteKIv8vMuOgGYo7EhVJJN00R/EED9DCua/xxHRdYnKtcECzVg7xOWhflvJMnqcFZjw=="
    },
    "is-arrayish": {
      "version": "0.2.1",
      "resolved": "https://registry.npmjs.org/is-arrayish/-/is-arrayish-0.2.1.tgz",
      "integrity": "sha1-d8mYQFJ6qOyxqLppe4BkWnqSap0="
    },
    "is-directory": {
      "version": "0.3.1",
      "resolved": "https://registry.npmjs.org/is-directory/-/is-directory-0.3.1.tgz",
      "integrity": "sha1-YTObbyR1/Hcv2cnYP1yFddwVSuE="
    },
    "js-yaml": {
      "version": "3.12.0",
      "resolved": "https://registry.npmjs.org/js-yaml/-/js-yaml-3.12.0.tgz",
      "integrity": "sha512-PIt2cnwmPfL4hKNwqeiuz4bKfnzHTBv6HyVgjahA6mPLwPDzjDWrplJBMjHUFxku/N3FlmrbyPclad+I+4mJ3A==",
      "requires": {
        "argparse": "^1.0.7",
        "esprima": "^4.0.0"
      }
    },
    "json-parse-better-errors": {
      "version": "1.0.2",
      "resolved": "https://registry.npmjs.org/json-parse-better-errors/-/json-parse-better-errors-1.0.2.tgz",
      "integrity": "sha512-mrqyZKfX5EhL7hvqcV6WG1yYjnjeuYDzDhhcAAUrq8Po85NBQBJP+ZDUT75qZQ98IkUoBqdkExkukOU7Ts2wrw=="
    },
    "parse-json": {
      "version": "4.0.0",
      "resolved": "https://registry.npmjs.org/parse-json/-/parse-json-4.0.0.tgz",
      "integrity": "sha1-vjX1Qlvh9/bHRxhPmKeIy5lHfuA=",
      "requires": {
        "error-ex": "^1.3.1",
        "json-parse-better-errors": "^1.0.1"
      }
    },
    "require-from-string": {
      "version": "2.0.2",
      "resolved": "https://registry.npmjs.org/require-from-string/-/require-from-string-2.0.2.tgz",
      "integrity": "sha512-Xf0nWe6RseziFMu+Ap9biiUbmplq6S9/p+7w7YXP/JBHhrUDDUhwa+vANyubuqfZWTveU//DYVGsDG7RKL/vEw=="
    },
    "sprintf-js": {
      "version": "1.0.3",
      "resolved": "https://registry.npmjs.org/sprintf-js/-/sprintf-js-1.0.3.tgz",
      "integrity": "sha1-BOaSb2YolTVPPdAVIDYzuFcpfiw="
    }
  }
}
